PODS:
  - walletconnectv2 (1.0)

DEPENDENCIES:
  - walletconnectv2 (from `../walletconnectv2`)

EXTERNAL SOURCES:
  walletconnectv2:
    :path: "../walletconnectv2"

SPEC CHECKSUMS:
  walletconnectv2: cef4761ddfec992e075e4255ebd4f95de22b9c21

PODFILE CHECKSUM: 597e9a1722dac0693166d31721c7d73349e75853

COCOAPODS: 1.11.2
